
Microsoft Visual Studio Solution File, Format Version 12.00
# Visual Studio Version 16
VisualStudioVersion = 16.0.29123.88
MinimumVisualStudioVersion = 10.0.40219.1
Project("{FAE04EC0-301F-11D3-BF4B-00C04F79EFBC}") = "Restrand", "Restrand.csproj", "{4FAA6CE8-8A48-4153-97AF-5EEA5E29FE56}"
EndProject
Global
	GlobalSection(SolutionConfigurationPlatforms) = preSolution
		Debug|Any CPU = Debug|Any CPU
		Release|Any CPU = Release|Any CPU
	EndGlobalSection
	GlobalSection(ProjectConfigurationPlatforms) = postSolution
		{4FAA6CE8-8A48-4153-97AF-5EEA5E29FE56}.Debug|Any CPU.ActiveCfg = Debug|Any CPU
		{4FAA6CE8-8A48-4153-97AF-5EEA5E29FE56}.Debug|Any CPU.Build.0 = Debug|Any CPU
		{4FAA6CE8-8A48-4153-97AF-5EEA5E29FE56}.Release|Any CPU.ActiveCfg = Release|Any CPU
		{4FAA6CE8-8A48-4153-97AF-5EEA5E29FE56}.Release|Any CPU.Build.0 = Release|Any CPU
	EndGlobalSection
	GlobalSection(SolutionProperties) = preSolution
		HideSolutionNode = FALSE
	EndGlobalSection
	GlobalSection(ExtensibilityGlobals) = postSolution
		SolutionGuid = {0D9168D0-F06A-4CFF-BAAD-9CCCDAE15488}
	EndGlobalSection
EndGlobal
